
Microsoft Visual Studio Solution File, Format Version 12.00
# Visual Studio Version 16
VisualStudioVersion = 16.0.32002.261
MinimumVisualStudioVersion = 10.0.40219.1
Project("{FAE04EC0-301F-11D3-BF4B-00C04F79EFBC}") = "CreditS", "CreditS.csproj", "{F6B00F12-76AD-4DAC-AAFF-4FF051826742}"
EndProject
Global
	GlobalSection(SolutionConfigurationPlatforms) = preSolution
		Debug|Any CPU = Debug|Any CPU
		Release|Any CPU = Release|Any CPU
	EndGlobalSection
	GlobalSection(ProjectConfigurationPlatforms) = postSolution
		{F6B00F12-76AD-4DAC-AAFF-4FF051826742}.Debug|Any CPU.ActiveCfg = Debug|Any CPU
		{F6B00F12-76AD-4DAC-AAFF-4FF051826742}.Debug|Any CPU.Build.0 = Debug|Any CPU
		{F6B00F12-76AD-4DAC-AAFF-4FF051826742}.Release|Any CPU.ActiveCfg = Release|Any CPU
		{F6B00F12-76AD-4DAC-AAFF-4FF051826742}.Release|Any CPU.Build.0 = Release|Any CPU
	EndGlobalSection
	GlobalSection(SolutionProperties) = preSolution
		HideSolutionNode = FALSE
	EndGlobalSection
	GlobalSection(ExtensibilityGlobals) = postSolution
		SolutionGuid = {070A442F-0C13-4F60-8FBB-B932A3832F4D}
	EndGlobalSection
EndGlobal
